
Microsoft Visual Studio Solution File, Format Version 12.00
# Visual Studio Version 17
VisualStudioVersion = 17.1.32210.238
MinimumVisualStudioVersion = 10.0.40219.1
Project("{9A19103F-16F7-4668-BE54-9A1E7A4F7556}") = "Q01", "Q01\Q01.csproj", "{F05B2975-41DF-41A3-8876-2096121F131D}"
EndProject
Project("{9A19103F-16F7-4668-BE54-9A1E7A4F7556}") = "Q02", "Q02\Q02.csproj", "{61CB5DDA-E736-4A5C-9207-21034883CF57}"
EndProject
Project("{FAE04EC0-301F-11D3-BF4B-00C04F79EFBC}") = "Q03", "Q03\Q03.csproj", "{297766DD-2D05-416C-A282-2EED75352E5F}"
EndProject
Project("{FAE04EC0-301F-11D3-BF4B-00C04F79EFBC}") = "Q04", "Q04\Q04.csproj", "{38EAED91-BCA1-42B0-BCD5-70EE4B33ACED}"
EndProject
Project("{FAE04EC0-301F-11D3-BF4B-00C04F79EFBC}") = "Q05", "Q05\Q05.csproj", "{79FD0BA3-9DB6-4470-9AF6-3AEDABC81656}"
EndProject
Global
	GlobalSection(SolutionConfigurationPlatforms) = preSolution
		Debug|Any CPU = Debug|Any CPU
		Release|Any CPU = Release|Any CPU
	EndGlobalSection
	GlobalSection(ProjectConfigurationPlatforms) = postSolution
		{F05B2975-41DF-41A3-8876-2096121F131D}.Debug|Any CPU.ActiveCfg = Debug|Any CPU
		{F05B2975-41DF-41A3-8876-2096121F131D}.Debug|Any CPU.Build.0 = Debug|Any CPU
		{F05B2975-41DF-41A3-8876-2096121F131D}.Release|Any CPU.ActiveCfg = Release|Any CPU
		{F05B2975-41DF-41A3-8876-2096121F131D}.Release|Any CPU.Build.0 = Release|Any CPU
		{61CB5DDA-E736-4A5C-9207-21034883CF57}.Debug|Any CPU.ActiveCfg = Debug|Any CPU
		{61CB5DDA-E736-4A5C-9207-21034883CF57}.Debug|Any CPU.Build.0 = Debug|Any CPU
		{61CB5DDA-E736-4A5C-9207-21034883CF57}.Release|Any CPU.ActiveCfg = Release|Any CPU
		{61CB5DDA-E736-4A5C-9207-21034883CF57}.Release|Any CPU.Build.0 = Release|Any CPU
		{297766DD-2D05-416C-A282-2EED75352E5F}.Debug|Any CPU.ActiveCfg = Debug|Any CPU
		{297766DD-2D05-416C-A282-2EED75352E5F}.Debug|Any CPU.Build.0 = Debug|Any CPU
		{297766DD-2D05-416C-A282-2EED75352E5F}.Release|Any CPU.ActiveCfg = Release|Any CPU
		{297766DD-2D05-416C-A282-2EED75352E5F}.Release|Any CPU.Build.0 = Release|Any CPU
		{38EAED91-BCA1-42B0-BCD5-70EE4B33ACED}.Debug|Any CPU.ActiveCfg = Debug|Any CPU
		{38EAED91-BCA1-42B0-BCD5-70EE4B33ACED}.Debug|Any CPU.Build.0 = Debug|Any CPU
		{38EAED91-BCA1-42B0-BCD5-70EE4B33ACED}.Release|Any CPU.ActiveCfg = Release|Any CPU
		{38EAED91-BCA1-42B0-BCD5-70EE4B33ACED}.Release|Any CPU.Build.0 = Release|Any CPU
		{79FD0BA3-9DB6-4470-9AF6-3AEDABC81656}.Debug|Any CPU.ActiveCfg = Debug|Any CPU
		{79FD0BA3-9DB6-4470-9AF6-3AEDABC81656}.Debug|Any CPU.Build.0 = Debug|Any CPU
		{79FD0BA3-9DB6-4470-9AF6-3AEDABC81656}.Release|Any CPU.ActiveCfg = Release|Any CPU
		{79FD0BA3-9DB6-4470-9AF6-3AEDABC81656}.Release|Any CPU.Build.0 = Release|Any CPU
	EndGlobalSection
	GlobalSection(SolutionProperties) = preSolution
		HideSolutionNode = FALSE
	EndGlobalSection
	GlobalSection(ExtensibilityGlobals) = postSolution
		SolutionGuid = {40FF6399-5777-4FAC-B7C9-3C76B71CF189}
	EndGlobalSection
EndGlobal
